
Microsoft Visual Studio Solution File, Format Version 12.00
# Visual Studio Version 17
VisualStudioVersion = 17.0.31903.59
MinimumVisualStudioVersion = 10.0.40219.1
Project("{2150E333-8FDC-42A3-9474-1A3956D46DE8}") = "src", "src", "{A7BF03F6-9678-4CDA-BC6B-81DE105B5325}"
EndProject
Project("{FAE04EC0-301F-11D3-BF4B-00C04F79EFBC}") = "DirectWithRouting.Console", "src\DirectWithRouting.Console\DirectWithRouting.Console.csproj", "{0B8763C8-BEF8-44B3-BB10-6E72672C0CF8}"
EndProject
Project("{FAE04EC0-301F-11D3-BF4B-00C04F79EFBC}") = "DirectWithRouting.Core", "src\DirectWithRouting.Core\DirectWithRouting.Core.csproj", "{E9FB47EA-5413-4A59-A916-B1EC1CAF58D0}"
EndProject
Project("{FAE04EC0-301F-11D3-BF4B-00C04F79EFBC}") = "DirectWithRouting.Infrastructure", "src\DirectWithRouting.Infrastructure\DirectWithRouting.Infrastructure.csproj", "{11C37082-962F-4222-90D4-BFDC6B80D559}"
EndProject
Project("{FAE04EC0-301F-11D3-BF4B-00C04F79EFBC}") = "DirectWithRouting.Application", "src\DirectWithRouting.Application\DirectWithRouting.Application.csproj", "{D366CC7C-9731-4196-A5E0-597E145E28F3}"
EndProject
Project("{2150E333-8FDC-42A3-9474-1A3956D46DE8}") = "Solution Items", "Solution Items", "{76C72B6C-0016-4105-A38A-AA3C499FD2F4}"
	ProjectSection(SolutionItems) = preProject
		.gitignore = .gitignore
		.editorconfig = .editorconfig
	EndProjectSection
EndProject
Global
	GlobalSection(SolutionConfigurationPlatforms) = preSolution
		Debug|Any CPU = Debug|Any CPU
		Release|Any CPU = Release|Any CPU
	EndGlobalSection
	GlobalSection(SolutionProperties) = preSolution
		HideSolutionNode = FALSE
	EndGlobalSection
	GlobalSection(ProjectConfigurationPlatforms) = postSolution
		{0B8763C8-BEF8-44B3-BB10-6E72672C0CF8}.Debug|Any CPU.ActiveCfg = Debug|Any CPU
		{0B8763C8-BEF8-44B3-BB10-6E72672C0CF8}.Debug|Any CPU.Build.0 = Debug|Any CPU
		{0B8763C8-BEF8-44B3-BB10-6E72672C0CF8}.Release|Any CPU.ActiveCfg = Release|Any CPU
		{0B8763C8-BEF8-44B3-BB10-6E72672C0CF8}.Release|Any CPU.Build.0 = Release|Any CPU
		{E9FB47EA-5413-4A59-A916-B1EC1CAF58D0}.Debug|Any CPU.ActiveCfg = Debug|Any CPU
		{E9FB47EA-5413-4A59-A916-B1EC1CAF58D0}.Debug|Any CPU.Build.0 = Debug|Any CPU
		{E9FB47EA-5413-4A59-A916-B1EC1CAF58D0}.Release|Any CPU.ActiveCfg = Release|Any CPU
		{E9FB47EA-5413-4A59-A916-B1EC1CAF58D0}.Release|Any CPU.Build.0 = Release|Any CPU
		{11C37082-962F-4222-90D4-BFDC6B80D559}.Debug|Any CPU.ActiveCfg = Debug|Any CPU
		{11C37082-962F-4222-90D4-BFDC6B80D559}.Debug|Any CPU.Build.0 = Debug|Any CPU
		{11C37082-962F-4222-90D4-BFDC6B80D559}.Release|Any CPU.ActiveCfg = Release|Any CPU
		{11C37082-962F-4222-90D4-BFDC6B80D559}.Release|Any CPU.Build.0 = Release|Any CPU
		{D366CC7C-9731-4196-A5E0-597E145E28F3}.Debug|Any CPU.ActiveCfg = Debug|Any CPU
		{D366CC7C-9731-4196-A5E0-597E145E28F3}.Debug|Any CPU.Build.0 = Debug|Any CPU
		{D366CC7C-9731-4196-A5E0-597E145E28F3}.Release|Any CPU.ActiveCfg = Release|Any CPU
		{D366CC7C-9731-4196-A5E0-597E145E28F3}.Release|Any CPU.Build.0 = Release|Any CPU
	EndGlobalSection
	GlobalSection(NestedProjects) = preSolution
		{0B8763C8-BEF8-44B3-BB10-6E72672C0CF8} = {A7BF03F6-9678-4CDA-BC6B-81DE105B5325}
		{E9FB47EA-5413-4A59-A916-B1EC1CAF58D0} = {A7BF03F6-9678-4CDA-BC6B-81DE105B5325}
		{11C37082-962F-4222-90D4-BFDC6B80D559} = {A7BF03F6-9678-4CDA-BC6B-81DE105B5325}
		{D366CC7C-9731-4196-A5E0-597E145E28F3} = {A7BF03F6-9678-4CDA-BC6B-81DE105B5325}
	EndGlobalSection
EndGlobal
