
Microsoft Visual Studio Solution File, Format Version 12.00
# Visual Studio Version 17
VisualStudioVersion = 17.0.31903.59
MinimumVisualStudioVersion = 10.0.40219.1
Project("{2150E333-8FDC-42A3-9474-1A3956D46DE8}") = "src", "src", "{5FD9F0CF-DB2E-4652-A2EE-1EF756F3134A}"
EndProject
Project("{FAE04EC0-301F-11D3-BF4B-00C04F79EFBC}") = "Direct.Console", "src\Direct.Console\Direct.Console.csproj", "{5261C5AD-58A5-4B04-AD70-B0F47BA65221}"
EndProject
Project("{FAE04EC0-301F-11D3-BF4B-00C04F79EFBC}") = "Direct.Infrastructure", "src\Direct.Infrastructure\Direct.Infrastructure.csproj", "{70AD224B-3E84-40C6-B81B-366A417E3927}"
EndProject
Project("{FAE04EC0-301F-11D3-BF4B-00C04F79EFBC}") = "Direct.Application", "src\Direct.Application\Direct.Application.csproj", "{B12D1689-17DD-4AD7-8CC9-FA9EF27112BF}"
EndProject
Project("{FAE04EC0-301F-11D3-BF4B-00C04F79EFBC}") = "Direct.Core", "src\Direct.Core\Direct.Core.csproj", "{0A7469BD-6EEE-411D-9AB3-2FF0E7BAE700}"
EndProject
Project("{2150E333-8FDC-42A3-9474-1A3956D46DE8}") = "Solution Items", "Solution Items", "{55C28F29-3874-4580-8E43-37D391964AA2}"
	ProjectSection(SolutionItems) = preProject
		.gitignore = .gitignore
	EndProjectSection
EndProject
Global
	GlobalSection(SolutionConfigurationPlatforms) = preSolution
		Debug|Any CPU = Debug|Any CPU
		Release|Any CPU = Release|Any CPU
	EndGlobalSection
	GlobalSection(SolutionProperties) = preSolution
		HideSolutionNode = FALSE
	EndGlobalSection
	GlobalSection(ProjectConfigurationPlatforms) = postSolution
		{5261C5AD-58A5-4B04-AD70-B0F47BA65221}.Debug|Any CPU.ActiveCfg = Debug|Any CPU
		{5261C5AD-58A5-4B04-AD70-B0F47BA65221}.Debug|Any CPU.Build.0 = Debug|Any CPU
		{5261C5AD-58A5-4B04-AD70-B0F47BA65221}.Release|Any CPU.ActiveCfg = Release|Any CPU
		{5261C5AD-58A5-4B04-AD70-B0F47BA65221}.Release|Any CPU.Build.0 = Release|Any CPU
		{70AD224B-3E84-40C6-B81B-366A417E3927}.Debug|Any CPU.ActiveCfg = Debug|Any CPU
		{70AD224B-3E84-40C6-B81B-366A417E3927}.Debug|Any CPU.Build.0 = Debug|Any CPU
		{70AD224B-3E84-40C6-B81B-366A417E3927}.Release|Any CPU.ActiveCfg = Release|Any CPU
		{70AD224B-3E84-40C6-B81B-366A417E3927}.Release|Any CPU.Build.0 = Release|Any CPU
		{B12D1689-17DD-4AD7-8CC9-FA9EF27112BF}.Debug|Any CPU.ActiveCfg = Debug|Any CPU
		{B12D1689-17DD-4AD7-8CC9-FA9EF27112BF}.Debug|Any CPU.Build.0 = Debug|Any CPU
		{B12D1689-17DD-4AD7-8CC9-FA9EF27112BF}.Release|Any CPU.ActiveCfg = Release|Any CPU
		{B12D1689-17DD-4AD7-8CC9-FA9EF27112BF}.Release|Any CPU.Build.0 = Release|Any CPU
		{0A7469BD-6EEE-411D-9AB3-2FF0E7BAE700}.Debug|Any CPU.ActiveCfg = Debug|Any CPU
		{0A7469BD-6EEE-411D-9AB3-2FF0E7BAE700}.Debug|Any CPU.Build.0 = Debug|Any CPU
		{0A7469BD-6EEE-411D-9AB3-2FF0E7BAE700}.Release|Any CPU.ActiveCfg = Release|Any CPU
		{0A7469BD-6EEE-411D-9AB3-2FF0E7BAE700}.Release|Any CPU.Build.0 = Release|Any CPU
	EndGlobalSection
	GlobalSection(NestedProjects) = preSolution
		{5261C5AD-58A5-4B04-AD70-B0F47BA65221} = {5FD9F0CF-DB2E-4652-A2EE-1EF756F3134A}
		{70AD224B-3E84-40C6-B81B-366A417E3927} = {5FD9F0CF-DB2E-4652-A2EE-1EF756F3134A}
		{B12D1689-17DD-4AD7-8CC9-FA9EF27112BF} = {5FD9F0CF-DB2E-4652-A2EE-1EF756F3134A}
		{0A7469BD-6EEE-411D-9AB3-2FF0E7BAE700} = {5FD9F0CF-DB2E-4652-A2EE-1EF756F3134A}
	EndGlobalSection
EndGlobal
