
Microsoft Visual Studio Solution File, Format Version 12.00
# Visual Studio Version 17
VisualStudioVersion = 17.0.31903.59
MinimumVisualStudioVersion = 10.0.40219.1
Project("{2150E333-8FDC-42A3-9474-1A3956D46DE8}") = "src", "src", "{278C8E8D-30D7-4101-BF34-4190A9816B30}"
EndProject
Project("{FAE04EC0-301F-11D3-BF4B-00C04F79EFBC}") = "OneWayMessaging.Console", "src\OneWayMessaging.Console\OneWayMessaging.Console.csproj", "{7511A34C-325D-4E88-A74E-534A7B9229BA}"
EndProject
Project("{FAE04EC0-301F-11D3-BF4B-00C04F79EFBC}") = "OneWayMessaging.Infrastructure", "src\OneWayMessaging.Infrastructure\OneWayMessaging.Infrastructure.csproj", "{B4259831-6C32-4D7B-B5BF-D62A87CF5C6F}"
EndProject
Project("{FAE04EC0-301F-11D3-BF4B-00C04F79EFBC}") = "OneWayMessaging.Core", "src\OneWayMessaging.Core\OneWayMessaging.Core.csproj", "{719C6574-D143-4555-A05D-466A009CEF5F}"
EndProject
Project("{FAE04EC0-301F-11D3-BF4B-00C04F79EFBC}") = "OneWayMessaging.Application", "src\OneWayMessaging.Application\OneWayMessaging.Application.csproj", "{F249FB4E-6517-4434-8200-832122500687}"
EndProject
Global
	GlobalSection(SolutionConfigurationPlatforms) = preSolution
		Debug|Any CPU = Debug|Any CPU
		Release|Any CPU = Release|Any CPU
	EndGlobalSection
	GlobalSection(SolutionProperties) = preSolution
		HideSolutionNode = FALSE
	EndGlobalSection
	GlobalSection(ProjectConfigurationPlatforms) = postSolution
		{7511A34C-325D-4E88-A74E-534A7B9229BA}.Debug|Any CPU.ActiveCfg = Debug|Any CPU
		{7511A34C-325D-4E88-A74E-534A7B9229BA}.Debug|Any CPU.Build.0 = Debug|Any CPU
		{7511A34C-325D-4E88-A74E-534A7B9229BA}.Release|Any CPU.ActiveCfg = Release|Any CPU
		{7511A34C-325D-4E88-A74E-534A7B9229BA}.Release|Any CPU.Build.0 = Release|Any CPU
		{B4259831-6C32-4D7B-B5BF-D62A87CF5C6F}.Debug|Any CPU.ActiveCfg = Debug|Any CPU
		{B4259831-6C32-4D7B-B5BF-D62A87CF5C6F}.Debug|Any CPU.Build.0 = Debug|Any CPU
		{B4259831-6C32-4D7B-B5BF-D62A87CF5C6F}.Release|Any CPU.ActiveCfg = Release|Any CPU
		{B4259831-6C32-4D7B-B5BF-D62A87CF5C6F}.Release|Any CPU.Build.0 = Release|Any CPU
		{719C6574-D143-4555-A05D-466A009CEF5F}.Debug|Any CPU.ActiveCfg = Debug|Any CPU
		{719C6574-D143-4555-A05D-466A009CEF5F}.Debug|Any CPU.Build.0 = Debug|Any CPU
		{719C6574-D143-4555-A05D-466A009CEF5F}.Release|Any CPU.ActiveCfg = Release|Any CPU
		{719C6574-D143-4555-A05D-466A009CEF5F}.Release|Any CPU.Build.0 = Release|Any CPU
		{F249FB4E-6517-4434-8200-832122500687}.Debug|Any CPU.ActiveCfg = Debug|Any CPU
		{F249FB4E-6517-4434-8200-832122500687}.Debug|Any CPU.Build.0 = Debug|Any CPU
		{F249FB4E-6517-4434-8200-832122500687}.Release|Any CPU.ActiveCfg = Release|Any CPU
		{F249FB4E-6517-4434-8200-832122500687}.Release|Any CPU.Build.0 = Release|Any CPU
	EndGlobalSection
	GlobalSection(NestedProjects) = preSolution
		{7511A34C-325D-4E88-A74E-534A7B9229BA} = {278C8E8D-30D7-4101-BF34-4190A9816B30}
		{B4259831-6C32-4D7B-B5BF-D62A87CF5C6F} = {278C8E8D-30D7-4101-BF34-4190A9816B30}
		{719C6574-D143-4555-A05D-466A009CEF5F} = {278C8E8D-30D7-4101-BF34-4190A9816B30}
		{F249FB4E-6517-4434-8200-832122500687} = {278C8E8D-30D7-4101-BF34-4190A9816B30}
	EndGlobalSection
EndGlobal
