
Microsoft Visual Studio Solution File, Format Version 12.00
# Visual Studio Version 17
VisualStudioVersion = 17.0.31903.59
MinimumVisualStudioVersion = 10.0.40219.1
Project("{2150E333-8FDC-42A3-9474-1A3956D46DE8}") = "src", "src", "{D138738C-4FDF-4F14-98DA-9CE6DD5F0DF6}"
EndProject
Project("{FAE04EC0-301F-11D3-BF4B-00C04F79EFBC}") = "Headers.Console", "src\Headers.Console\Headers.Console.csproj", "{5FC1D2B1-7533-4569-AE45-097780C52F44}"
EndProject
Project("{FAE04EC0-301F-11D3-BF4B-00C04F79EFBC}") = "Headers.Infrastructure", "Headers.Infrastructure\Headers.Infrastructure.csproj", "{C2F9254A-568B-44E9-B320-CC61C6911501}"
EndProject
Global
	GlobalSection(SolutionConfigurationPlatforms) = preSolution
		Debug|Any CPU = Debug|Any CPU
		Release|Any CPU = Release|Any CPU
	EndGlobalSection
	GlobalSection(SolutionProperties) = preSolution
		HideSolutionNode = FALSE
	EndGlobalSection
	GlobalSection(ProjectConfigurationPlatforms) = postSolution
		{5FC1D2B1-7533-4569-AE45-097780C52F44}.Debug|Any CPU.ActiveCfg = Debug|Any CPU
		{5FC1D2B1-7533-4569-AE45-097780C52F44}.Debug|Any CPU.Build.0 = Debug|Any CPU
		{5FC1D2B1-7533-4569-AE45-097780C52F44}.Release|Any CPU.ActiveCfg = Release|Any CPU
		{5FC1D2B1-7533-4569-AE45-097780C52F44}.Release|Any CPU.Build.0 = Release|Any CPU
		{C2F9254A-568B-44E9-B320-CC61C6911501}.Debug|Any CPU.ActiveCfg = Debug|Any CPU
		{C2F9254A-568B-44E9-B320-CC61C6911501}.Debug|Any CPU.Build.0 = Debug|Any CPU
		{C2F9254A-568B-44E9-B320-CC61C6911501}.Release|Any CPU.ActiveCfg = Release|Any CPU
		{C2F9254A-568B-44E9-B320-CC61C6911501}.Release|Any CPU.Build.0 = Release|Any CPU
	EndGlobalSection
	GlobalSection(NestedProjects) = preSolution
		{5FC1D2B1-7533-4569-AE45-097780C52F44} = {D138738C-4FDF-4F14-98DA-9CE6DD5F0DF6}
	EndGlobalSection
EndGlobal
