
Microsoft Visual Studio Solution File, Format Version 12.00
# Visual Studio Version 17
VisualStudioVersion = 17.0.31903.59
MinimumVisualStudioVersion = 10.0.40219.1
Project("{2150E333-8FDC-42A3-9474-1A3956D46DE8}") = "src", "src", "{5BE93558-6B57-4DB4-B081-74F082224989}"
EndProject
Project("{FAE04EC0-301F-11D3-BF4B-00C04F79EFBC}") = "Topic.Console", "src\Topic.Console\Topic.Console.csproj", "{1DCE603C-921E-4F21-820A-8CF4239E6E27}"
EndProject
Project("{FAE04EC0-301F-11D3-BF4B-00C04F79EFBC}") = "Topic.Application", "src\Topic.Application\Topic.Application.csproj", "{DB69760B-4760-4B28-BC92-79B01A2CF682}"
EndProject
Project("{FAE04EC0-301F-11D3-BF4B-00C04F79EFBC}") = "Topic.Infrastructure", "src\Topic.Infrastructure\Topic.Infrastructure.csproj", "{A63D1BBC-C27E-45C7-B4AE-D9177FD9CE32}"
EndProject
Project("{FAE04EC0-301F-11D3-BF4B-00C04F79EFBC}") = "Topic.Core", "src\Topic.Core\Topic.Core.csproj", "{E4495812-FFE2-4557-8DCF-ECC509888DD7}"
EndProject
Global
	GlobalSection(SolutionConfigurationPlatforms) = preSolution
		Debug|Any CPU = Debug|Any CPU
		Release|Any CPU = Release|Any CPU
	EndGlobalSection
	GlobalSection(SolutionProperties) = preSolution
		HideSolutionNode = FALSE
	EndGlobalSection
	GlobalSection(ProjectConfigurationPlatforms) = postSolution
		{1DCE603C-921E-4F21-820A-8CF4239E6E27}.Debug|Any CPU.ActiveCfg = Debug|Any CPU
		{1DCE603C-921E-4F21-820A-8CF4239E6E27}.Debug|Any CPU.Build.0 = Debug|Any CPU
		{1DCE603C-921E-4F21-820A-8CF4239E6E27}.Release|Any CPU.ActiveCfg = Release|Any CPU
		{1DCE603C-921E-4F21-820A-8CF4239E6E27}.Release|Any CPU.Build.0 = Release|Any CPU
		{DB69760B-4760-4B28-BC92-79B01A2CF682}.Debug|Any CPU.ActiveCfg = Debug|Any CPU
		{DB69760B-4760-4B28-BC92-79B01A2CF682}.Debug|Any CPU.Build.0 = Debug|Any CPU
		{DB69760B-4760-4B28-BC92-79B01A2CF682}.Release|Any CPU.ActiveCfg = Release|Any CPU
		{DB69760B-4760-4B28-BC92-79B01A2CF682}.Release|Any CPU.Build.0 = Release|Any CPU
		{A63D1BBC-C27E-45C7-B4AE-D9177FD9CE32}.Debug|Any CPU.ActiveCfg = Debug|Any CPU
		{A63D1BBC-C27E-45C7-B4AE-D9177FD9CE32}.Debug|Any CPU.Build.0 = Debug|Any CPU
		{A63D1BBC-C27E-45C7-B4AE-D9177FD9CE32}.Release|Any CPU.ActiveCfg = Release|Any CPU
		{A63D1BBC-C27E-45C7-B4AE-D9177FD9CE32}.Release|Any CPU.Build.0 = Release|Any CPU
		{E4495812-FFE2-4557-8DCF-ECC509888DD7}.Debug|Any CPU.ActiveCfg = Debug|Any CPU
		{E4495812-FFE2-4557-8DCF-ECC509888DD7}.Debug|Any CPU.Build.0 = Debug|Any CPU
		{E4495812-FFE2-4557-8DCF-ECC509888DD7}.Release|Any CPU.ActiveCfg = Release|Any CPU
		{E4495812-FFE2-4557-8DCF-ECC509888DD7}.Release|Any CPU.Build.0 = Release|Any CPU
	EndGlobalSection
	GlobalSection(NestedProjects) = preSolution
		{1DCE603C-921E-4F21-820A-8CF4239E6E27} = {5BE93558-6B57-4DB4-B081-74F082224989}
		{DB69760B-4760-4B28-BC92-79B01A2CF682} = {5BE93558-6B57-4DB4-B081-74F082224989}
		{A63D1BBC-C27E-45C7-B4AE-D9177FD9CE32} = {5BE93558-6B57-4DB4-B081-74F082224989}
		{E4495812-FFE2-4557-8DCF-ECC509888DD7} = {5BE93558-6B57-4DB4-B081-74F082224989}
	EndGlobalSection
EndGlobal
